
Microsoft Visual Studio Solution File, Format Version 10.00
# Visual Studio 2008
Project("{FAE04EC0-301F-11D3-BF4B-00C04F79EFBC}") = "OmahaBot.Tests", "Tests\OmahaBot.Tests.csproj", "{BC6CDDF4-ED2C-4A0A-BA82-A059E78A37FA}"
EndProject
Project("{FAE04EC0-301F-11D3-BF4B-00C04F79EFBC}") = "OmahaBot.Core", "Core\OmahaBot.Core.csproj", "{7B037F3E-BB32-4653-921C-8E050A2C2FF4}"
EndProject
Project("{FAE04EC0-301F-11D3-BF4B-00C04F79EFBC}") = "CodeAnalysis", "CodeAnalysis\CodeAnalysis.csproj", "{2E9D0C9D-19CE-4976-97CC-9D0601A8E628}"
	ProjectSection(ProjectDependencies) = postProject
		{7B037F3E-BB32-4653-921C-8E050A2C2FF4} = {7B037F3E-BB32-4653-921C-8E050A2C2FF4}
		{BC6CDDF4-ED2C-4A0A-BA82-A059E78A37FA} = {BC6CDDF4-ED2C-4A0A-BA82-A059E78A37FA}
	EndProjectSection
EndProject
Project("{2150E333-8FDC-42A3-9474-1A3956D46DE8}") = "ThirdParty", "ThirdParty", "{D3F9D80C-9C3E-4239-BF01-450C204B04AA}"
EndProject
Project("{2150E333-8FDC-42A3-9474-1A3956D46DE8}") = "Source", "Source", "{9D819035-DE87-4950-AE11-AB4BC21EE1AC}"
EndProject
Project("{FAE04EC0-301F-11D3-BF4B-00C04F79EFBC}") = "HandEvaluator", "ThirdParty\HandEvaluator\HandEvaluator.csproj", "{57836673-FE81-4367-A4EB-AAA46FB954D2}"
EndProject
Project("{FAE04EC0-301F-11D3-BF4B-00C04F79EFBC}") = "OmahaBot.Utilities", "Utilities\OmahaBot.Utilities.csproj", "{D753B8AA-2E8D-43D5-8299-A62F2ED24B84}"
EndProject
Project("{FAE04EC0-301F-11D3-BF4B-00C04F79EFBC}") = "UnitTestUtil", "UnitTestUtil\UnitTestUtil.csproj", "{43B22D42-76BE-4EC2-9D76-C1E83BB0DC6C}"
EndProject
Project("{FAE04EC0-301F-11D3-BF4B-00C04F79EFBC}") = "OmahaBot.Analysis", "Analysis\OmahaBot.Analysis.csproj", "{D24ED8BE-8960-4CE5-92A5-16CD97D90693}"
EndProject
Project("{FAE04EC0-301F-11D3-BF4B-00C04F79EFBC}") = "GetHandValue", "GetHandValue\GetHandValue.csproj", "{C79DC77F-4F86-4283-BA38-CCAE4339BD71}"
EndProject
Global
	GlobalSection(SolutionConfigurationPlatforms) = preSolution
		Debug|Any CPU = Debug|Any CPU
		Release|Any CPU = Release|Any CPU
	EndGlobalSection
	GlobalSection(ProjectConfigurationPlatforms) = postSolution
		{BC6CDDF4-ED2C-4A0A-BA82-A059E78A37FA}.Debug|Any CPU.ActiveCfg = Debug|Any CPU
		{BC6CDDF4-ED2C-4A0A-BA82-A059E78A37FA}.Debug|Any CPU.Build.0 = Debug|Any CPU
		{BC6CDDF4-ED2C-4A0A-BA82-A059E78A37FA}.Release|Any CPU.ActiveCfg = Release|Any CPU
		{BC6CDDF4-ED2C-4A0A-BA82-A059E78A37FA}.Release|Any CPU.Build.0 = Release|Any CPU
		{7B037F3E-BB32-4653-921C-8E050A2C2FF4}.Debug|Any CPU.ActiveCfg = Debug|Any CPU
		{7B037F3E-BB32-4653-921C-8E050A2C2FF4}.Debug|Any CPU.Build.0 = Debug|Any CPU
		{7B037F3E-BB32-4653-921C-8E050A2C2FF4}.Release|Any CPU.ActiveCfg = Release|Any CPU
		{7B037F3E-BB32-4653-921C-8E050A2C2FF4}.Release|Any CPU.Build.0 = Release|Any CPU
		{2E9D0C9D-19CE-4976-97CC-9D0601A8E628}.Debug|Any CPU.ActiveCfg = Debug|Any CPU
		{2E9D0C9D-19CE-4976-97CC-9D0601A8E628}.Debug|Any CPU.Build.0 = Debug|Any CPU
		{2E9D0C9D-19CE-4976-97CC-9D0601A8E628}.Release|Any CPU.ActiveCfg = Release|Any CPU
		{2E9D0C9D-19CE-4976-97CC-9D0601A8E628}.Release|Any CPU.Build.0 = Release|Any CPU
		{57836673-FE81-4367-A4EB-AAA46FB954D2}.Debug|Any CPU.ActiveCfg = Debug|Any CPU
		{57836673-FE81-4367-A4EB-AAA46FB954D2}.Debug|Any CPU.Build.0 = Debug|Any CPU
		{57836673-FE81-4367-A4EB-AAA46FB954D2}.Release|Any CPU.ActiveCfg = Release|Any CPU
		{57836673-FE81-4367-A4EB-AAA46FB954D2}.Release|Any CPU.Build.0 = Release|Any CPU
		{D753B8AA-2E8D-43D5-8299-A62F2ED24B84}.Debug|Any CPU.ActiveCfg = Debug|Any CPU
		{D753B8AA-2E8D-43D5-8299-A62F2ED24B84}.Debug|Any CPU.Build.0 = Debug|Any CPU
		{D753B8AA-2E8D-43D5-8299-A62F2ED24B84}.Release|Any CPU.ActiveCfg = Release|Any CPU
		{D753B8AA-2E8D-43D5-8299-A62F2ED24B84}.Release|Any CPU.Build.0 = Release|Any CPU
		{43B22D42-76BE-4EC2-9D76-C1E83BB0DC6C}.Debug|Any CPU.ActiveCfg = Debug|Any CPU
		{43B22D42-76BE-4EC2-9D76-C1E83BB0DC6C}.Debug|Any CPU.Build.0 = Debug|Any CPU
		{43B22D42-76BE-4EC2-9D76-C1E83BB0DC6C}.Release|Any CPU.ActiveCfg = Release|Any CPU
		{43B22D42-76BE-4EC2-9D76-C1E83BB0DC6C}.Release|Any CPU.Build.0 = Release|Any CPU
		{D24ED8BE-8960-4CE5-92A5-16CD97D90693}.Debug|Any CPU.ActiveCfg = Debug|Any CPU
		{D24ED8BE-8960-4CE5-92A5-16CD97D90693}.Debug|Any CPU.Build.0 = Debug|Any CPU
		{D24ED8BE-8960-4CE5-92A5-16CD97D90693}.Release|Any CPU.ActiveCfg = Release|Any CPU
		{D24ED8BE-8960-4CE5-92A5-16CD97D90693}.Release|Any CPU.Build.0 = Release|Any CPU
		{C79DC77F-4F86-4283-BA38-CCAE4339BD71}.Debug|Any CPU.ActiveCfg = Debug|Any CPU
		{C79DC77F-4F86-4283-BA38-CCAE4339BD71}.Debug|Any CPU.Build.0 = Debug|Any CPU
		{C79DC77F-4F86-4283-BA38-CCAE4339BD71}.Release|Any CPU.ActiveCfg = Release|Any CPU
		{C79DC77F-4F86-4283-BA38-CCAE4339BD71}.Release|Any CPU.Build.0 = Release|Any CPU
	EndGlobalSection
	GlobalSection(SolutionProperties) = preSolution
		HideSolutionNode = FALSE
	EndGlobalSection
	GlobalSection(NestedProjects) = preSolution
		{7B037F3E-BB32-4653-921C-8E050A2C2FF4} = {9D819035-DE87-4950-AE11-AB4BC21EE1AC}
		{2E9D0C9D-19CE-4976-97CC-9D0601A8E628} = {9D819035-DE87-4950-AE11-AB4BC21EE1AC}
		{BC6CDDF4-ED2C-4A0A-BA82-A059E78A37FA} = {9D819035-DE87-4950-AE11-AB4BC21EE1AC}
		{D753B8AA-2E8D-43D5-8299-A62F2ED24B84} = {9D819035-DE87-4950-AE11-AB4BC21EE1AC}
		{43B22D42-76BE-4EC2-9D76-C1E83BB0DC6C} = {9D819035-DE87-4950-AE11-AB4BC21EE1AC}
		{D24ED8BE-8960-4CE5-92A5-16CD97D90693} = {9D819035-DE87-4950-AE11-AB4BC21EE1AC}
		{C79DC77F-4F86-4283-BA38-CCAE4339BD71} = {9D819035-DE87-4950-AE11-AB4BC21EE1AC}
		{57836673-FE81-4367-A4EB-AAA46FB954D2} = {D3F9D80C-9C3E-4239-BF01-450C204B04AA}
	EndGlobalSection
EndGlobal
